
Microsoft Visual Studio Solution File, Format Version 12.00
# Visual Studio Version 17
VisualStudioVersion = 17.6.33815.320
MinimumVisualStudioVersion = 10.0.40219.1
Project("{FAE04EC0-301F-11D3-BF4B-00C04F79EFBC}") = "Symlink Creator", "Symlinker\Symlink Creator.csproj", "{B92A15F1-D627-40C3-9BEA-CE8977435DE9}"
EndProject
Global
	GlobalSection(SolutionConfigurationPlatforms) = preSolution
		Debug|Any CPU = Debug|Any CPU
		Release|Any CPU = Release|Any CPU
	EndGlobalSection
	GlobalSection(ProjectConfigurationPlatforms) = postSolution
		{B92A15F1-D627-40C3-9BEA-CE8977435DE9}.Debug|Any CPU.ActiveCfg = Debug|Any CPU
		{B92A15F1-D627-40C3-9BEA-CE8977435DE9}.Debug|Any CPU.Build.0 = Debug|Any CPU
		{B92A15F1-D627-40C3-9BEA-CE8977435DE9}.Release|Any CPU.ActiveCfg = Release|Any CPU
		{B92A15F1-D627-40C3-9BEA-CE8977435DE9}.Release|Any CPU.Build.0 = Release|Any CPU
	EndGlobalSection
	GlobalSection(SolutionProperties) = preSolution
		HideSolutionNode = FALSE
	EndGlobalSection
	GlobalSection(ExtensibilityGlobals) = postSolution
		SolutionGuid = {C6D9F840-3922-446F-9AB2-64AD763B5ED1}
	EndGlobalSection
EndGlobal
